# THIS IS AN AUTOGENERATED FILE. DO NOT EDIT THIS FILE DIRECTLY.
# yarn lockfile v1


"@tailwindcss/aspect-ratio@^0.4.0":
  version "0.4.0"
  resolved "https://registry.yarnpkg.com/@tailwindcss/aspect-ratio/-/aspect-ratio-0.4.0.tgz#c635dd7331cbcc1b111cebdc2647dd3493ebdd3e"
  integrity sha512-WJu0I4PpqNPuutpaA9zDUq2JXR+lorZ7PbLcKNLmb6GL9/HLfC7w3CRsMhJF4BbYd/lkY6CfXOvkYpuGnZfkpQ==

"@tailwindcss/forms@^0.4.0":
  version "0.4.0"
  resolved "https://registry.yarnpkg.com/@tailwindcss/forms/-/forms-0.4.0.tgz#a46715e347a32d216a3973eb67473bd29ae3798e"
  integrity sha512-DeaQBx6EgEeuZPQACvC+mKneJsD8am1uiJugjgQK1+/Vt+Ai0GpFBC2T2fqnUad71WgOxyrZPE6BG1VaI6YqfQ==
  dependencies:
    mini-svg-data-uri "^1.2.3"

"@tailwindcss/line-clamp@^0.3.1":
  version "0.3.1"
  resolved "https://registry.yarnpkg.com/@tailwindcss/line-clamp/-/line-clamp-0.3.1.tgz#4d8441b509b87ece84e94f28a4aa9998413ab849"
  integrity sha512-pNr0T8LAc3TUx/gxCfQZRe9NB2dPEo/cedPHzUGIPxqDMhgjwNm6jYxww4W5l0zAsAddxr+XfZcqttGiFDgrGg==

"@tailwindcss/typography@^0.5.1":
  version "0.5.1"
  resolved "https://registry.yarnpkg.com/@tailwindcss/typography/-/typography-0.5.1.tgz#486248a9426501f11a9b0295f7cfc0eb29659c46"
  integrity sha512-AmSzZSgLhHKlILKduU+PKBTHL6c+al82syZlRid1xgmlWwXagLigO+O++B4C0scpMfzW//f/3YCRcwwEHWoU3w==
  dependencies:
    lodash.castarray "^4.4.0"
    lodash.isplainobject "^4.0.6"
    lodash.merge "^4.6.2"

lodash.castarray@^4.4.0:
  version "4.4.0"
  resolved "https://registry.yarnpkg.com/lodash.castarray/-/lodash.castarray-4.4.0.tgz#c02513515e309daddd4c24c60cfddcf5976d9115"
  integrity sha1-wCUTUV4wna3dTCTGDP3c9ZdtkRU=

lodash.isplainobject@^4.0.6:
  version "4.0.6"
  resolved "https://registry.yarnpkg.com/lodash.isplainobject/-/lodash.isplainobject-4.0.6.tgz#7c526a52d89b45c45cc690b88163be0497f550cb"
  integrity sha1-fFJqUtibRcRcxpC4gWO+BJf1UMs=

lodash.merge@^4.6.2:
  version "4.6.2"
  resolved "https://registry.yarnpkg.com/lodash.merge/-/lodash.merge-4.6.2.tgz#558aa53b43b661e1925a0afdfa36a9a1085fe57a"
  integrity sha512-0KpjqXRVvrYyCsX1swR/XTK0va6VQkQM6MNo7PqW77ByjAhoARA8EfrP1N4+KlKj8YS0ZUCtRT/YUuhyYDujIQ==

mini-svg-data-uri@^1.2.3:
  version "1.4.3"
  resolved "https://registry.yarnpkg.com/mini-svg-data-uri/-/mini-svg-data-uri-1.4.3.tgz#43177b2e93766ba338931a3e2a84a3dfd3a222b8"
  integrity sha512-gSfqpMRC8IxghvMcxzzmMnWpXAChSA+vy4cia33RgerMS8Fex95akUyQZPbxJJmeBGiGmK7n/1OpUX8ksRjIdA==
